
Microsoft Visual Studio Solution File, Format Version 12.00
# Visual Studio Version 17
VisualStudioVersion = 17.6.33815.320
MinimumVisualStudioVersion = 10.0.40219.1
Project("{FAE04EC0-301F-11D3-BF4B-00C04F79EFBC}") = "FedeBenevole", "FedeBenevole\FedeBenevole.csproj", "{41D3BA49-9D9E-403D-A073-0250BD1DEC84}"
EndProject
Global
	GlobalSection(SolutionConfigurationPlatforms) = preSolution
		Debug|Any CPU = Debug|Any CPU
		Release|Any CPU = Release|Any CPU
	EndGlobalSection
	GlobalSection(ProjectConfigurationPlatforms) = postSolution
		{41D3BA49-9D9E-403D-A073-0250BD1DEC84}.Debug|Any CPU.ActiveCfg = Debug|Any CPU
		{41D3BA49-9D9E-403D-A073-0250BD1DEC84}.Debug|Any CPU.Build.0 = Debug|Any CPU
		{41D3BA49-9D9E-403D-A073-0250BD1DEC84}.Release|Any CPU.ActiveCfg = Release|Any CPU
		{41D3BA49-9D9E-403D-A073-0250BD1DEC84}.Release|Any CPU.Build.0 = Release|Any CPU
	EndGlobalSection
	GlobalSection(SolutionProperties) = preSolution
		HideSolutionNode = FALSE
	EndGlobalSection
	GlobalSection(ExtensibilityGlobals) = postSolution
		SolutionGuid = {04B28988-FBDC-4B37-A2D6-66B0F9423693}
	EndGlobalSection
EndGlobal
